
Microsoft Visual Studio Solution File, Format Version 12.00
# Visual Studio 15
VisualStudioVersion = 15.0.28307.136
MinimumVisualStudioVersion = 10.0.40219.1
Project("{FAE04EC0-301F-11D3-BF4B-00C04F79EFBC}") = "MLDemo", "MLDemo\MLDemo.csproj", "{47C988D0-5D56-4B21-9503-A5B7AE9CF32E}"
EndProject
Global
	GlobalSection(SolutionConfigurationPlatforms) = preSolution
		Debug|Any CPU = Debug|Any CPU
		Release|Any CPU = Release|Any CPU
	EndGlobalSection
	GlobalSection(ProjectConfigurationPlatforms) = postSolution
		{47C988D0-5D56-4B21-9503-A5B7AE9CF32E}.Debug|Any CPU.ActiveCfg = Debug|Any CPU
		{47C988D0-5D56-4B21-9503-A5B7AE9CF32E}.Debug|Any CPU.Build.0 = Debug|Any CPU
		{47C988D0-5D56-4B21-9503-A5B7AE9CF32E}.Release|Any CPU.ActiveCfg = Release|Any CPU
		{47C988D0-5D56-4B21-9503-A5B7AE9CF32E}.Release|Any CPU.Build.0 = Release|Any CPU
	EndGlobalSection
	GlobalSection(SolutionProperties) = preSolution
		HideSolutionNode = FALSE
	EndGlobalSection
	GlobalSection(ExtensibilityGlobals) = postSolution
		SolutionGuid = {0B5BB5EC-A0CA-4AC8-B1DA-E0309837C765}
	EndGlobalSection
EndGlobal
